Microsoft Visual Studio Solution File, Format Version 12.00
# Visual Studio Version 17
VisualStudioVersion = 17.5.2.0
MinimumVisualStudioVersion = 10.0.40219.1
Project("{FAE04EC0-301F-11D3-BF4B-00C04F79EFBC}") = "linear_equation_solver", "linear_equation_solver.csproj", "{A954D26A-1E58-AE0C-B610-47A6A3575262}"
EndProject
Global
	GlobalSection(SolutionConfigurationPlatforms) = preSolution
		Debug|Any CPU = Debug|Any CPU
		Release|Any CPU = Release|Any CPU
	EndGlobalSection
	GlobalSection(ProjectConfigurationPlatforms) = postSolution
		{A954D26A-1E58-AE0C-B610-47A6A3575262}.Debug|Any CPU.ActiveCfg = Debug|Any CPU
		{A954D26A-1E58-AE0C-B610-47A6A3575262}.Debug|Any CPU.Build.0 = Debug|Any CPU
		{A954D26A-1E58-AE0C-B610-47A6A3575262}.Release|Any CPU.ActiveCfg = Release|Any CPU
		{A954D26A-1E58-AE0C-B610-47A6A3575262}.Release|Any CPU.Build.0 = Release|Any CPU
	EndGlobalSection
	GlobalSection(SolutionProperties) = preSolution
		HideSolutionNode = FALSE
	EndGlobalSection
	GlobalSection(ExtensibilityGlobals) = postSolution
		SolutionGuid = {301012DA-F2B9-4B92-98E7-CB85666875A6}
	EndGlobalSection
EndGlobal
